
Microsoft Visual Studio Solution File, Format Version 12.00
# Visual Studio 15
Project("{FAE04EC0-301F-11D3-BF4B-00C04F79EFBC}") = "RegistrationApp.Android", "RegistrationApp.Android\RegistrationApp.Android.csproj", "{DEB4BCF3-EA46-4335-8F1E-B9CA9C93C7D9}"
EndProject
Project("{FAE04EC0-301F-11D3-BF4B-00C04F79EFBC}") = "RegistrationApp.iOS", "RegistrationApp.iOS\RegistrationApp.iOS.csproj", "{2F55D073-0ABC-4D58-8237-9A9F1BB0A176}"
EndProject
Project("{FAE04EC0-301F-11D3-BF4B-00C04F79EFBC}") = "RegistrationApp", "RegistrationApp\RegistrationApp.csproj", "{D88BF791-CD49-49E3-905C-1905E063D588}"
EndProject
Global
	GlobalSection(SolutionConfigurationPlatforms) = preSolution
		Debug|Any CPU = Debug|Any CPU
		Release|Any CPU = Release|Any CPU
		Debug|iPhoneSimulator = Debug|iPhoneSimulator
		Release|iPhoneSimulator = Release|iPhoneSimulator
		Debug|iPhone = Debug|iPhone
		Release|iPhone = Release|iPhone
	EndGlobalSection
	GlobalSection(ProjectConfigurationPlatforms) = postSolution
		{DEB4BCF3-EA46-4335-8F1E-B9CA9C93C7D9}.Debug|Any CPU.ActiveCfg = Debug|Any CPU
		{DEB4BCF3-EA46-4335-8F1E-B9CA9C93C7D9}.Debug|Any CPU.Build.0 = Debug|Any CPU
		{DEB4BCF3-EA46-4335-8F1E-B9CA9C93C7D9}.Release|Any CPU.ActiveCfg = Release|Any CPU
		{DEB4BCF3-EA46-4335-8F1E-B9CA9C93C7D9}.Release|Any CPU.Build.0 = Release|Any CPU
		{DEB4BCF3-EA46-4335-8F1E-B9CA9C93C7D9}.Debug|iPhoneSimulator.ActiveCfg = Debug|Any CPU
		{DEB4BCF3-EA46-4335-8F1E-B9CA9C93C7D9}.Debug|iPhoneSimulator.Build.0 = Debug|Any CPU
		{DEB4BCF3-EA46-4335-8F1E-B9CA9C93C7D9}.Release|iPhoneSimulator.ActiveCfg = Release|Any CPU
		{DEB4BCF3-EA46-4335-8F1E-B9CA9C93C7D9}.Release|iPhoneSimulator.Build.0 = Release|Any CPU
		{DEB4BCF3-EA46-4335-8F1E-B9CA9C93C7D9}.Debug|iPhone.ActiveCfg = Debug|Any CPU
		{DEB4BCF3-EA46-4335-8F1E-B9CA9C93C7D9}.Debug|iPhone.Build.0 = Debug|Any CPU
		{DEB4BCF3-EA46-4335-8F1E-B9CA9C93C7D9}.Release|iPhone.ActiveCfg = Release|Any CPU
		{DEB4BCF3-EA46-4335-8F1E-B9CA9C93C7D9}.Release|iPhone.Build.0 = Release|Any CPU
		{2F55D073-0ABC-4D58-8237-9A9F1BB0A176}.Debug|Any CPU.ActiveCfg = Debug|iPhoneSimulator
		{2F55D073-0ABC-4D58-8237-9A9F1BB0A176}.Debug|Any CPU.Build.0 = Debug|iPhoneSimulator
		{2F55D073-0ABC-4D58-8237-9A9F1BB0A176}.Release|Any CPU.ActiveCfg = Release|iPhoneSimulator
		{2F55D073-0ABC-4D58-8237-9A9F1BB0A176}.Release|Any CPU.Build.0 = Release|iPhoneSimulator
		{2F55D073-0ABC-4D58-8237-9A9F1BB0A176}.Debug|iPhoneSimulator.ActiveCfg = Debug|iPhoneSimulator
		{2F55D073-0ABC-4D58-8237-9A9F1BB0A176}.Debug|iPhoneSimulator.Build.0 = Debug|iPhoneSimulator
		{2F55D073-0ABC-4D58-8237-9A9F1BB0A176}.Release|iPhoneSimulator.ActiveCfg = Release|iPhoneSimulator
		{2F55D073-0ABC-4D58-8237-9A9F1BB0A176}.Release|iPhoneSimulator.Build.0 = Release|iPhoneSimulator
		{2F55D073-0ABC-4D58-8237-9A9F1BB0A176}.Debug|iPhone.ActiveCfg = Debug|iPhone
		{2F55D073-0ABC-4D58-8237-9A9F1BB0A176}.Debug|iPhone.Build.0 = Debug|iPhone
		{2F55D073-0ABC-4D58-8237-9A9F1BB0A176}.Release|iPhone.ActiveCfg = Release|iPhone
		{2F55D073-0ABC-4D58-8237-9A9F1BB0A176}.Release|iPhone.Build.0 = Release|iPhone
		{D88BF791-CD49-49E3-905C-1905E063D588}.Debug|Any CPU.ActiveCfg = Debug|Any CPU
		{D88BF791-CD49-49E3-905C-1905E063D588}.Debug|Any CPU.Build.0 = Debug|Any CPU
		{D88BF791-CD49-49E3-905C-1905E063D588}.Release|Any CPU.ActiveCfg = Release|Any CPU
		{D88BF791-CD49-49E3-905C-1905E063D588}.Release|Any CPU.Build.0 = Release|Any CPU
		{D88BF791-CD49-49E3-905C-1905E063D588}.Debug|iPhoneSimulator.ActiveCfg = Debug|Any CPU
		{D88BF791-CD49-49E3-905C-1905E063D588}.Debug|iPhoneSimulator.Build.0 = Debug|Any CPU
		{D88BF791-CD49-49E3-905C-1905E063D588}.Release|iPhoneSimulator.ActiveCfg = Release|Any CPU
		{D88BF791-CD49-49E3-905C-1905E063D588}.Release|iPhoneSimulator.Build.0 = Release|Any CPU
		{D88BF791-CD49-49E3-905C-1905E063D588}.Debug|iPhone.ActiveCfg = Debug|Any CPU
		{D88BF791-CD49-49E3-905C-1905E063D588}.Debug|iPhone.Build.0 = Debug|Any CPU
		{D88BF791-CD49-49E3-905C-1905E063D588}.Release|iPhone.ActiveCfg = Release|Any CPU
		{D88BF791-CD49-49E3-905C-1905E063D588}.Release|iPhone.Build.0 = Release|Any CPU
	EndGlobalSection
EndGlobal
