
Microsoft Visual Studio Solution File, Format Version 12.00
# Visual Studio 15
Project("{FAE04EC0-301F-11D3-BF4B-00C04F79EFBC}") = "RegistrationApp", "RegistrationApp.csproj", "{87895292-F2D6-400E-9BD2-7AB666D829ED}"
EndProject
Global
	GlobalSection(SolutionConfigurationPlatforms) = preSolution
		Debug|Any CPU = Debug|Any CPU
		Release|Any CPU = Release|Any CPU
	EndGlobalSection
	GlobalSection(ProjectConfigurationPlatforms) = postSolution
		{87895292-F2D6-400E-9BD2-7AB666D829ED}.Debug|Any CPU.ActiveCfg = Debug|Any CPU
		{87895292-F2D6-400E-9BD2-7AB666D829ED}.Debug|Any CPU.Build.0 = Debug|Any CPU
		{87895292-F2D6-400E-9BD2-7AB666D829ED}.Release|Any CPU.ActiveCfg = Release|Any CPU
		{87895292-F2D6-400E-9BD2-7AB666D829ED}.Release|Any CPU.Build.0 = Release|Any CPU
	EndGlobalSection
EndGlobal
